
Microsoft Visual Studio Solution File, Format Version 12.00
# Visual Studio Version 17
VisualStudioVersion = 17.1.32421.90
MinimumVisualStudioVersion = 10.0.40219.1
Project("{FAE04EC0-301F-11D3-BF4B-00C04F79EFBC}") = "H12", "H12\H12.csproj", "{391C6C2F-6941-4B35-B8B0-EC4AF647D870}"
EndProject
Global
	GlobalSection(SolutionConfigurationPlatforms) = preSolution
		Debug|Any CPU = Debug|Any CPU
		Release|Any CPU = Release|Any CPU
	EndGlobalSection
	GlobalSection(ProjectConfigurationPlatforms) = postSolution
		{391C6C2F-6941-4B35-B8B0-EC4AF647D870}.Debug|Any CPU.ActiveCfg = Debug|Any CPU
		{391C6C2F-6941-4B35-B8B0-EC4AF647D870}.Debug|Any CPU.Build.0 = Debug|Any CPU
		{391C6C2F-6941-4B35-B8B0-EC4AF647D870}.Release|Any CPU.ActiveCfg = Release|Any CPU
		{391C6C2F-6941-4B35-B8B0-EC4AF647D870}.Release|Any CPU.Build.0 = Release|Any CPU
	EndGlobalSection
	GlobalSection(SolutionProperties) = preSolution
		HideSolutionNode = FALSE
	EndGlobalSection
	GlobalSection(ExtensibilityGlobals) = postSolution
		SolutionGuid = {D2CBA86E-2308-4BA1-9904-5840E0CFF848}
	EndGlobalSection
EndGlobal
